
Microsoft Visual Studio Solution File, Format Version 12.00
# Visual Studio Version 17
VisualStudioVersion = 17.3.32825.248
MinimumVisualStudioVersion = 10.0.40219.1
Project("{FAE04EC0-301F-11D3-BF4B-00C04F79EFBC}") = "ClientAPI", "ClientAPI\ClientAPI.csproj", "{018154AF-94A5-4FFE-AC43-A3B8B4B52B96}"
EndProject
Global
	GlobalSection(SolutionConfigurationPlatforms) = preSolution
		Debug|Any CPU = Debug|Any CPU
		Release|Any CPU = Release|Any CPU
	EndGlobalSection
	GlobalSection(ProjectConfigurationPlatforms) = postSolution
		{018154AF-94A5-4FFE-AC43-A3B8B4B52B96}.Debug|Any CPU.ActiveCfg = Debug|Any CPU
		{018154AF-94A5-4FFE-AC43-A3B8B4B52B96}.Debug|Any CPU.Build.0 = Debug|Any CPU
		{018154AF-94A5-4FFE-AC43-A3B8B4B52B96}.Release|Any CPU.ActiveCfg = Release|Any CPU
		{018154AF-94A5-4FFE-AC43-A3B8B4B52B96}.Release|Any CPU.Build.0 = Release|Any CPU
	EndGlobalSection
	GlobalSection(SolutionProperties) = preSolution
		HideSolutionNode = FALSE
	EndGlobalSection
	GlobalSection(ExtensibilityGlobals) = postSolution
		SolutionGuid = {4E0A1026-638F-4719-BF25-F68C77DD8CF7}
	EndGlobalSection
EndGlobal
